
Microsoft Visual Studio Solution File, Format Version 12.00
# Visual Studio Version 17
VisualStudioVersion = 17.10.35122.118
MinimumVisualStudioVersion = 10.0.40219.1
Project("{FAE04EC0-301F-11D3-BF4B-00C04F79EFBC}") = "BotanikBambu.Web", "BotanikBambu.Web\BotanikBambu.Web.csproj", "{CCB295A5-0ECC-46BB-991F-BC16505DE22A}"
EndProject
Global
	GlobalSection(SolutionConfigurationPlatforms) = preSolution
		Debug|Any CPU = Debug|Any CPU
		Release|Any CPU = Release|Any CPU
	EndGlobalSection
	GlobalSection(ProjectConfigurationPlatforms) = postSolution
		{CCB295A5-0ECC-46BB-991F-BC16505DE22A}.Debug|Any CPU.ActiveCfg = Debug|Any CPU
		{CCB295A5-0ECC-46BB-991F-BC16505DE22A}.Debug|Any CPU.Build.0 = Debug|Any CPU
		{CCB295A5-0ECC-46BB-991F-BC16505DE22A}.Release|Any CPU.ActiveCfg = Release|Any CPU
		{CCB295A5-0ECC-46BB-991F-BC16505DE22A}.Release|Any CPU.Build.0 = Release|Any CPU
	EndGlobalSection
	GlobalSection(SolutionProperties) = preSolution
		HideSolutionNode = FALSE
	EndGlobalSection
	GlobalSection(ExtensibilityGlobals) = postSolution
		SolutionGuid = {2390B7C0-A1C0-4188-A070-259CEB8549B1}
	EndGlobalSection
EndGlobal
